Microsoft Visual Studio Solution File, Format Version 12.00
# Visual Studio Version 17
VisualStudioVersion = 17.3.32929.385
MinimumVisualStudioVersion = 10.0.40219.1
Project("{9A19103F-16F7-4668-BE54-9A1E7A4F7556}") = "BakeryOps.API", "BakeryOps.API.csproj", "{FB40AD0E-4662-40C2-ACC3-0633F3396958}"
EndProject
Project("{9A19103F-16F7-4668-BE54-9A1E7A4F7556}") = "BakeryOps.API.Tests", "..\Orders.Tests\BakeryOps.API.Tests.csproj", "{ABDA325F-D6FD-4BB4-AA8A-23368D718671}"
EndProject
Global
	GlobalSection(SolutionConfigurationPlatforms) = preSolution
		Debug|Any CPU = Debug|Any CPU
		Release|Any CPU = Release|Any CPU
	EndGlobalSection
	GlobalSection(ProjectConfigurationPlatforms) = postSolution
		{FB40AD0E-4662-40C2-ACC3-0633F3396958}.Debug|Any CPU.ActiveCfg = Debug|Any CPU
		{FB40AD0E-4662-40C2-ACC3-0633F3396958}.Debug|Any CPU.Build.0 = Debug|Any CPU
		{FB40AD0E-4662-40C2-ACC3-0633F3396958}.Release|Any CPU.ActiveCfg = Release|Any CPU
		{FB40AD0E-4662-40C2-ACC3-0633F3396958}.Release|Any CPU.Build.0 = Release|Any CPU
		{ABDA325F-D6FD-4BB4-AA8A-23368D718671}.Debug|Any CPU.ActiveCfg = Debug|Any CPU
		{ABDA325F-D6FD-4BB4-AA8A-23368D718671}.Debug|Any CPU.Build.0 = Debug|Any CPU
		{ABDA325F-D6FD-4BB4-AA8A-23368D718671}.Release|Any CPU.ActiveCfg = Release|Any CPU
		{ABDA325F-D6FD-4BB4-AA8A-23368D718671}.Release|Any CPU.Build.0 = Release|Any CPU
	EndGlobalSection
	GlobalSection(SolutionProperties) = preSolution
		HideSolutionNode = FALSE
	EndGlobalSection
	GlobalSection(ExtensibilityGlobals) = postSolution
		SolutionGuid = {987C4C16-B34E-4306-B1CC-36EC9621AE26}
	EndGlobalSection
EndGlobal
